
Microsoft Visual Studio Solution File, Format Version 12.00
# Visual Studio Version 17
VisualStudioVersion = 17.0.31903.59
MinimumVisualStudioVersion = 10.0.40219.1
Project("{FAE04EC0-301F-11D3-BF4B-00C04F79EFBC}") = "SGE.Aplicacion", "SGE.Aplicacion\SGE.Aplicacion.csproj", "{65B90D6E-8299-4E21-A869-437F5EFC10A2}"
EndProject
Project("{FAE04EC0-301F-11D3-BF4B-00C04F79EFBC}") = "SGE.UI", "SGE.UI\SGE.UI.csproj", "{7C426C92-F55E-451E-9C24-AA984B812116}"
EndProject
Project("{FAE04EC0-301F-11D3-BF4B-00C04F79EFBC}") = "SGE.Repositorios", "SGE.Repositorios\SGE.Repositorios.csproj", "{AFB31D6F-5A94-49B3-B976-160E8A927AD7}"
EndProject
Global
	GlobalSection(SolutionConfigurationPlatforms) = preSolution
		Debug|Any CPU = Debug|Any CPU
		Release|Any CPU = Release|Any CPU
	EndGlobalSection
	GlobalSection(ProjectConfigurationPlatforms) = postSolution
		{65B90D6E-8299-4E21-A869-437F5EFC10A2}.Debug|Any CPU.ActiveCfg = Debug|Any CPU
		{65B90D6E-8299-4E21-A869-437F5EFC10A2}.Debug|Any CPU.Build.0 = Debug|Any CPU
		{65B90D6E-8299-4E21-A869-437F5EFC10A2}.Release|Any CPU.ActiveCfg = Release|Any CPU
		{65B90D6E-8299-4E21-A869-437F5EFC10A2}.Release|Any CPU.Build.0 = Release|Any CPU
		{7C426C92-F55E-451E-9C24-AA984B812116}.Debug|Any CPU.ActiveCfg = Debug|Any CPU
		{7C426C92-F55E-451E-9C24-AA984B812116}.Debug|Any CPU.Build.0 = Debug|Any CPU
		{7C426C92-F55E-451E-9C24-AA984B812116}.Release|Any CPU.ActiveCfg = Release|Any CPU
		{7C426C92-F55E-451E-9C24-AA984B812116}.Release|Any CPU.Build.0 = Release|Any CPU
		{AFB31D6F-5A94-49B3-B976-160E8A927AD7}.Debug|Any CPU.ActiveCfg = Debug|Any CPU
		{AFB31D6F-5A94-49B3-B976-160E8A927AD7}.Debug|Any CPU.Build.0 = Debug|Any CPU
		{AFB31D6F-5A94-49B3-B976-160E8A927AD7}.Release|Any CPU.ActiveCfg = Release|Any CPU
		{AFB31D6F-5A94-49B3-B976-160E8A927AD7}.Release|Any CPU.Build.0 = Release|Any CPU
	EndGlobalSection
	GlobalSection(SolutionProperties) = preSolution
		HideSolutionNode = FALSE
	EndGlobalSection
EndGlobal
